{
  "version": 4,
  "terraform_version": "1.13.1",
  "serial": 44,
  "lineage": "bc8b30c0-3801-53ce-e5cd-7132c6d1c04d",
  "outputs": {
    "instance_ip_address": {
      "value": "13.59.219.134",
      "type": "string"
    }
  },
  "resources": [
    {
      "mode": "managed",
      "type": "aws_instance",
      "name": "example",
      "provider": "provider[\"registry.terraform.io/hashicorp/aws\"]",
      "instances": [
        {
          "schema_version": 2,
          "attributes": {
            "ami": "ami-0bb7d855677353076",
            "arn": "arn:aws:ec2:us-east-2:565871519706:instance/i-05cf29537f3ad05e3",
            "associate_public_ip_address": true,
            "availability_zone": "us-east-2c",
            "capacity_reservation_specification": [
              {
                "capacity_reservation_preference": "open",
                "capacity_reservation_target": []
              }
            ],
            "cpu_options": [
              {
                "amd_sev_snp": "",
                "core_count": 1,
                "threads_per_core": 2
              }
            ],
            "credit_specification": [
              {
                "cpu_credits": "unlimited"
              }
            ],
            "disable_api_stop": false,
            "disable_api_termination": false,
            "ebs_block_device": [],
            "ebs_optimized": false,
            "enable_primary_ipv6": null,
            "enclave_options": [
              {
                "enabled": false
              }
            ],
            "ephemeral_block_device": [],
            "force_destroy": false,
            "get_password_data": false,
            "hibernation": false,
            "host_id": "",
            "host_resource_group_arn": null,
            "iam_instance_profile": "",
            "id": "i-05cf29537f3ad05e3",
            "instance_initiated_shutdown_behavior": "stop",
            "instance_lifecycle": "",
            "instance_market_options": [],
            "instance_state": "running",
            "instance_type": "t3.micro",
            "ipv6_address_count": 0,
            "ipv6_addresses": [],
            "key_name": "terraform-key",
            "launch_template": [],
            "maintenance_options": [
              {
                "auto_recovery": "default"
              }
            ],
            "metadata_options": [
              {
                "http_endpoint": "enabled",
                "http_protocol_ipv6": "disabled",
                "http_put_response_hop_limit": 1,
                "http_tokens": "optional",
                "instance_metadata_tags": "disabled"
              }
            ],
            "monitoring": false,
            "network_interface": [],
            "outpost_arn": "",
            "password_data": "",
            "placement_group": "",
            "placement_partition_number": 0,
            "primary_network_interface": [
              {
                "delete_on_termination": true,
                "network_interface_id": "eni-0e36c08c2451eab18"
              }
            ],
            "primary_network_interface_id": "eni-0e36c08c2451eab18",
            "private_dns": "ip-172-31-33-66.us-east-2.compute.internal",
            "private_dns_name_options": [
              {
                "enable_resource_name_dns_a_record": false,
                "enable_resource_name_dns_aaaa_record": false,
                "hostname_type": "ip-name"
              }
            ],
            "private_ip": "172.31.33.66",
            "public_dns": "ec2-13-59-219-134.us-east-2.compute.amazonaws.com",
            "public_ip": "13.59.219.134",
            "region": "us-east-2",
            "root_block_device": [
              {
                "delete_on_termination": true,
                "device_name": "/dev/xvda",
                "encrypted": false,
                "iops": 3000,
                "kms_key_id": "",
                "tags": {},
                "tags_all": {},
                "throughput": 125,
                "volume_id": "vol-0a2e2bf33508d10f2",
                "volume_size": 8,
                "volume_type": "gp3"
              }
            ],
            "secondary_private_ips": [],
            "security_groups": [
              "default"
            ],
            "source_dest_check": true,
            "spot_instance_request_id": "",
            "subnet_id": "subnet-0321ef142851466f9",
            "tags": {
              "Name": "Debian-Docker-Server"
            },
            "tags_all": {
              "Name": "Debian-Docker-Server"
            },
            "tenancy": "default",
            "timeouts": null,
            "user_data": "#!/bin/bashcls\r\nset -e\r\n\r\n# Actualizar sistema\r\napt-get update -y\r\napt-get upgrade -y\r\n\r\n# Instalar dependencias\r\napt-get install -y ca-certificates curl gnupg lsb-release\r\n\r\n# Agregar la clave GPG de Docker\r\ninstall -m 0755 -d /etc/apt/keyrings\r\ncurl -fsSL https://download.docker.com/linux/debian/gpg | gpg --dearmor -o /etc/apt/keyrings/docker.gpg\r\nchmod a+r /etc/apt/keyrings/docker.gpg\r\n\r\n# Agregar repositorio oficial de Docker\r\necho \\\r\n  \"deb [arch=$(dpkg --print-architecture) signed-by=/etc/apt/keyrings/docker.gpg] https://download.docker.com/linux/debian \\\r\n  $(lsb_release -cs) stable\" | tee /etc/apt/sources.list.d/docker.list \u003e /dev/null\r\n\r\n# Instalar Docker Engine\r\napt-get update -y\r\napt-get install -y docker-ce docker-ce-cli containerd.io docker-buildx-plugin docker-compose-plugin\r\n\r\n# Habilitar Docker\r\nsystemctl enable docker\r\nsystemctl start docker\r\n",
            "user_data_base64": null,
            "user_data_replace_on_change": false,
            "volume_tags": null,
            "vpc_security_group_ids": [
              "sg-0751dd9793d2730f3"
            ]
          },
          "sensitive_attributes": [],
          "identity_schema_version": 0,
          "private": "eyJlMmJmYjczMC1lY2FhLTExZTYtOGY4OC0zNDM2M2JjN2M0YzAiOnsiY3JlYXRlIjo2MDAwMDAwMDAwMDAsImRlbGV0ZSI6MTIwMDAwMDAwMDAwMCwicmVhZCI6OTAwMDAwMDAwMDAwLCJ1cGRhdGUiOjYwMDAwMDAwMDAwMH0sInNjaGVtYV92ZXJzaW9uIjoiMiJ9",
          "dependencies": [
            "aws_key_pair.default"
          ]
        }
      ]
    },
    {
      "mode": "managed",
      "type": "aws_key_pair",
      "name": "default",
      "provider": "provider[\"registry.terraform.io/hashicorp/aws\"]",
      "instances": [
        {
          "schema_version": 1,
          "attributes": {
            "arn": "arn:aws:ec2:us-east-2:565871519706:key-pair/terraform-key",
            "fingerprint": "79:58:b5:c0:fe:71:2c:5b:77:0a:ec:bb:d7:40:3c:9f",
            "id": "terraform-key",
            "key_name": "terraform-key",
            "key_name_prefix": "",
            "key_pair_id": "key-05e5e1dd2992823dd",
            "key_type": "rsa",
            "public_key": "ssh-rsa AAAAB3NzaC1yc2EAAAADAQABAAACAQCwTATaf51MRO1XMkrqofK34OYjS/bclGrxpb0vREHUH4Tr7tZsfHzknqcN3hzgo4aYjIUWQaZZ5NcDgWLFx9BXtVTP5tcspAjZnQM1EedHGdLdqnte1d2fzPliyLj+RhSzkuNcoO6t7ghc398dxcJguULkcVG1DjRD9ybcmr3V9nkGmrLbyaqGIRnczeSCOdlaI67aoD8whC2FNuv+yUntYIOFZ+q6Wb7lQWJeF8o+Q6cbyykqS8QGwTC+2uPWmvdgEKfMkPjEzwZ5BG30p30jpOFkqIxli4hFNTw/FclhSMHJl/u5nyzfGTD+cCvsDQDhOen8jsgZ8FCEZp98sE1nEGqr7hkYnigxUz4C0aUn+wmCiRn8/KAhKjWz3PhRN2kLiKgVXscVwM01kxpeunXM8BHF+2QKMpRKEZFs4zmSSfQEB15S1lVXzWTGzdWeV9NwQNCjpJn1698rLa2Ig5ySxJ5XLOXi0d50M9TQ1tDFzHShZY81P7wrw6wcwIMtI0MPmwGCHizm1BMuoPAjwr0WJT3T0GmmG1Op/TBeyZMN01QIByrkrkdN0iaJDdj4e6MU4Nx4eIP0uYxGIox8bGOGngdZdCGgb9U4JKch+ZC6dgjYbOQT3XbvDL3IcQuxlM9vDFa6259/hVuSWI+YGEYrYdndP8KWC/L6E65UTinuLw== user@User2366-PC",
            "region": "us-east-2",
            "tags": null,
            "tags_all": {}
          },
          "sensitive_attributes": [],
          "identity_schema_version": 0,
          "private": "eyJzY2hlbWFfdmVyc2lvbiI6IjEifQ=="
        }
      ]
    }
  ],
  "check_results": null
}
